{
  "version": 4,
  "terraform_version": "0.12.28",
  "serial": 39,
  "lineage": "a57c2c1f-3d02-6352-c21e-f440ec397802",
  "outputs": {},
  "resources": [
    {
      "mode": "managed",
      "type": "azurerm_lb",
      "name": "lb",
      "provider": "provider.azurerm",
      "instances": [
        {
          "schema_version": 0,
          "attributes": {
            "frontend_ip_configuration": [
              {
                "id": "/subscriptions/4199aea7-42e1-49bb-aaf5-17ed4dcce022/resourceGroups/ES-US-VNET/providers/Microsoft.Network/loadBalancers/testinglb/frontendIPConfigurations/publicfront",
                "inbound_nat_rules": [],
                "load_balancer_rules": [
                  "/subscriptions/4199aea7-42e1-49bb-aaf5-17ed4dcce022/resourceGroups/ES-US-VNET/providers/Microsoft.Network/loadBalancers/testinglb/loadBalancingRules/LBrule"
                ],
                "name": "publicfront",
                "outbound_rules": [],
                "private_ip_address": "",
                "private_ip_address_allocation": "Dynamic",
                "private_ip_address_version": "IPv4",
                "public_ip_address_id": "/subscriptions/4199aea7-42e1-49bb-aaf5-17ed4dcce022/resourceGroups/ES-US-VNET/providers/Microsoft.Network/publicIPAddresses/testingpip01",
                "public_ip_prefix_id": "",
                "subnet_id": "",
                "zones": []
              }
            ],
            "id": "/subscriptions/4199aea7-42e1-49bb-aaf5-17ed4dcce022/resourceGroups/ES-US-VNET/providers/Microsoft.Network/loadBalancers/testinglb",
            "location": "eastus",
            "name": "testinglb",
            "private_ip_address": "",
            "private_ip_addresses": [],
            "resource_group_name": "ES-US-VNET",
            "sku": "Standard",
            "tags": {},
            "timeouts": null
          },
          "private": "eyJlMmJmYjczMC1lY2FhLTExZTYtOGY4OC0zNDM2M2JjN2M0YzAiOnsiY3JlYXRlIjoxODAwMDAwMDAwMDAwLCJkZWxldGUiOjE4MDAwMDAwMDAwMDAsInJlYWQiOjMwMDAwMDAwMDAwMCwidXBkYXRlIjoxODAwMDAwMDAwMDAwfX0=",
          "dependencies": [
            "azurerm_public_ip.pip",
            "azurerm_resource_group.rges"
          ]
        }
      ]
    },
    {
      "mode": "managed",
      "type": "azurerm_lb_backend_address_pool",
      "name": "backpool",
      "provider": "provider.azurerm",
      "instances": [
        {
          "schema_version": 0,
          "attributes": {
            "backend_ip_configurations": [
              "/subscriptions/4199aea7-42e1-49bb-aaf5-17ed4dcce022/resourceGroups/ES-US-VNET/providers/Microsoft.Network/networkInterfaces/testingnic0/ipConfigurations/testingconfig",
              "/subscriptions/4199aea7-42e1-49bb-aaf5-17ed4dcce022/resourceGroups/ES-US-VNET/providers/Microsoft.Network/networkInterfaces/testingnic1/ipConfigurations/testingconfig"
            ],
            "id": "/subscriptions/4199aea7-42e1-49bb-aaf5-17ed4dcce022/resourceGroups/ES-US-VNET/providers/Microsoft.Network/loadBalancers/testinglb/backendAddressPools/backendpool",
            "load_balancing_rules": [
              "/subscriptions/4199aea7-42e1-49bb-aaf5-17ed4dcce022/resourceGroups/ES-US-VNET/providers/Microsoft.Network/loadBalancers/testinglb/loadBalancingRules/LBrule"
            ],
            "loadbalancer_id": "/subscriptions/4199aea7-42e1-49bb-aaf5-17ed4dcce022/resourceGroups/ES-US-VNET/providers/Microsoft.Network/loadBalancers/testinglb",
            "name": "backendpool",
            "resource_group_name": "ES-US-VNET",
            "timeouts": null
          }
        }
      ]
    },
    {
      "mode": "managed",
      "type": "azurerm_network_interface",
      "name": "nic",
      "each": "list",
      "provider": "provider.azurerm",
      "instances": []
    },
    {
      "mode": "managed",
      "type": "azurerm_public_ip",
      "name": "pip",
      "provider": "provider.azurerm",
      "instances": [
        {
          "schema_version": 0,
          "attributes": {
            "allocation_method": "Static",
            "domain_name_label": null,
            "fqdn": null,
            "id": "/subscriptions/4199aea7-42e1-49bb-aaf5-17ed4dcce022/resourceGroups/ES-US-VNET/providers/Microsoft.Network/publicIPAddresses/testingpip01",
            "idle_timeout_in_minutes": 4,
            "ip_address": "52.190.41.243",
            "ip_version": "IPv4",
            "location": "eastus",
            "name": "testingpip01",
            "public_ip_prefix_id": null,
            "resource_group_name": "ES-US-VNET",
            "reverse_fqdn": null,
            "sku": "Standard",
            "tags": {
              "Buildby": "Rahul Sharma",
              "Builddate": "15-07-2020",
              "Environment": "SANDBOX"
            },
            "timeouts": null,
            "zones": []
          },
          "private": "eyJlMmJmYjczMC1lY2FhLTExZTYtOGY4OC0zNDM2M2JjN2M0YzAiOnsiY3JlYXRlIjoxODAwMDAwMDAwMDAwLCJkZWxldGUiOjE4MDAwMDAwMDAwMDAsInJlYWQiOjMwMDAwMDAwMDAwMCwidXBkYXRlIjoxODAwMDAwMDAwMDAwfX0=",
          "dependencies": [
            "azurerm_resource_group.rges"
          ]
        }
      ]
    },
    {
      "mode": "managed",
      "type": "azurerm_resource_group",
      "name": "rges",
      "provider": "provider.azurerm",
      "instances": [
        {
          "schema_version": 0,
          "attributes": {
            "id": "/subscriptions/4199aea7-42e1-49bb-aaf5-17ed4dcce022/resourceGroups/ES-US-VNET",
            "location": "eastus",
            "name": "ES-US-VNET",
            "tags": {
              "Buildby": "Rahul Sharma",
              "Builddate": "15-07-2020",
              "Environment": "SANDBOX"
            },
            "timeouts": null
          },
          "private": "eyJlMmJmYjczMC1lY2FhLTExZTYtOGY4OC0zNDM2M2JjN2M0YzAiOnsiY3JlYXRlIjo1NDAwMDAwMDAwMDAwLCJkZWxldGUiOjU0MDAwMDAwMDAwMDAsInJlYWQiOjMwMDAwMDAwMDAwMCwidXBkYXRlIjo1NDAwMDAwMDAwMDAwfX0="
        }
      ]
    },
    {
      "mode": "managed",
      "type": "azurerm_windows_virtual_machine",
      "name": "vm",
      "each": "list",
      "provider": "provider.azurerm",
      "instances": []
    }
  ]
}
