{
  "version": 4,
  "terraform_version": "0.12.28",
  "serial": 13,
  "lineage": "a57c2c1f-3d02-6352-c21e-f440ec397802",
  "outputs": {},
  "resources": [
    {
      "mode": "managed",
      "type": "azurerm_lb",
      "name": "lb",
      "provider": "provider.azurerm",
      "instances": [
        {
          "schema_version": 0,
          "attributes": {
            "frontend_ip_configuration": [
              {
                "id": "/subscriptions/4199aea7-42e1-49bb-aaf5-17ed4dcce022/resourceGroups/ES-US-VNET/providers/Microsoft.Network/loadBalancers/testinglb/frontendIPConfigurations/publicfront",
                "inbound_nat_rules": [],
                "load_balancer_rules": [],
                "name": "publicfront",
                "outbound_rules": [],
                "private_ip_address": "",
                "private_ip_address_allocation": "Dynamic",
                "private_ip_address_version": "IPv4",
                "public_ip_address_id": "/subscriptions/4199aea7-42e1-49bb-aaf5-17ed4dcce022/resourceGroups/ES-US-VNET/providers/Microsoft.Network/publicIPAddresses/testingpip01",
                "public_ip_prefix_id": "",
                "subnet_id": "",
                "zones": null
              }
            ],
            "id": "/subscriptions/4199aea7-42e1-49bb-aaf5-17ed4dcce022/resourceGroups/ES-US-VNET/providers/Microsoft.Network/loadBalancers/testinglb",
            "location": "eastus",
            "name": "testinglb",
            "private_ip_address": "",
            "private_ip_addresses": [],
            "resource_group_name": "ES-US-VNET",
            "sku": "Basic",
            "tags": null,
            "timeouts": null
          },
          "private": "eyJlMmJmYjczMC1lY2FhLTExZTYtOGY4OC0zNDM2M2JjN2M0YzAiOnsiY3JlYXRlIjoxODAwMDAwMDAwMDAwLCJkZWxldGUiOjE4MDAwMDAwMDAwMDAsInJlYWQiOjMwMDAwMDAwMDAwMCwidXBkYXRlIjoxODAwMDAwMDAwMDAwfX0=",
          "dependencies": [
            "azurerm_public_ip.pip",
            "azurerm_resource_group.rges"
          ]
        }
      ]
    },
    {
      "mode": "managed",
      "type": "azurerm_lb_backend_address_pool",
      "name": "backpool",
      "provider": "provider.azurerm",
      "instances": [
        {
          "schema_version": 0,
          "attributes": {
            "backend_ip_configurations": [],
            "id": "/subscriptions/4199aea7-42e1-49bb-aaf5-17ed4dcce022/resourceGroups/ES-US-VNET/providers/Microsoft.Network/loadBalancers/testinglb/backendAddressPools/backendpool",
            "load_balancing_rules": [],
            "loadbalancer_id": "/subscriptions/4199aea7-42e1-49bb-aaf5-17ed4dcce022/resourceGroups/ES-US-VNET/providers/Microsoft.Network/loadBalancers/testinglb",
            "name": "backendpool",
            "resource_group_name": "ES-US-VNET",
            "timeouts": null
          },
          "private": "eyJlMmJmYjczMC1lY2FhLTExZTYtOGY4OC0zNDM2M2JjN2M0YzAiOnsiY3JlYXRlIjoxODAwMDAwMDAwMDAwLCJkZWxldGUiOjE4MDAwMDAwMDAwMDAsInJlYWQiOjMwMDAwMDAwMDAwMCwidXBkYXRlIjoxODAwMDAwMDAwMDAwfX0=",
          "dependencies": [
            "azurerm_lb.lb",
            "azurerm_public_ip.pip",
            "azurerm_resource_group.rges"
          ]
        }
      ]
    },
    {
      "mode": "managed",
      "type": "azurerm_network_interface",
      "name": "nic",
      "each": "list",
      "provider": "provider.azurerm",
      "instances": [
        {
          "index_key": 0,
          "schema_version": 0,
          "attributes": {
            "applied_dns_servers": [],
            "dns_servers": [],
            "enable_accelerated_networking": false,
            "enable_ip_forwarding": false,
            "id": "/subscriptions/4199aea7-42e1-49bb-aaf5-17ed4dcce022/resourceGroups/ES-US-VNET/providers/Microsoft.Network/networkInterfaces/testingnic0",
            "internal_dns_name_label": "",
            "internal_domain_name_suffix": "tgyvqwznmuiutnuplquwiel5je.bx.internal.cloudapp.net",
            "ip_configuration": [
              {
                "name": "testingconfig",
                "primary": true,
                "private_ip_address": "10.0.1.4",
                "private_ip_address_allocation": "Dynamic",
                "private_ip_address_version": "IPv4",
                "public_ip_address_id": "",
                "subnet_id": "/subscriptions/4199aea7-42e1-49bb-aaf5-17ed4dcce022/resourceGroups/ES-US-VNET/providers/Microsoft.Network/virtualNetworks/testingvnet/subnets/testingsubnet01"
              }
            ],
            "location": "eastus",
            "mac_address": "00-22-48-1D-69-66",
            "name": "testingnic0",
            "private_ip_address": "10.0.1.4",
            "private_ip_addresses": [
              "10.0.1.4"
            ],
            "resource_group_name": "ES-US-VNET",
            "tags": {},
            "timeouts": null,
            "virtual_machine_id": "/subscriptions/4199aea7-42e1-49bb-aaf5-17ed4dcce022/resourceGroups/ES-US-VNET/providers/Microsoft.Compute/virtualMachines/testingvm0"
          },
          "private": "eyJlMmJmYjczMC1lY2FhLTExZTYtOGY4OC0zNDM2M2JjN2M0YzAiOnsiY3JlYXRlIjoxODAwMDAwMDAwMDAwLCJkZWxldGUiOjE4MDAwMDAwMDAwMDAsInJlYWQiOjMwMDAwMDAwMDAwMCwidXBkYXRlIjoxODAwMDAwMDAwMDAwfX0=",
          "dependencies": [
            "azurerm_resource_group.rges",
            "azurerm_subnet.subnetv1",
            "azurerm_virtual_network.vnet"
          ]
        },
        {
          "index_key": 1,
          "schema_version": 0,
          "attributes": {
            "applied_dns_servers": [],
            "dns_servers": [],
            "enable_accelerated_networking": false,
            "enable_ip_forwarding": false,
            "id": "/subscriptions/4199aea7-42e1-49bb-aaf5-17ed4dcce022/resourceGroups/ES-US-VNET/providers/Microsoft.Network/networkInterfaces/testingnic1",
            "internal_dns_name_label": "",
            "internal_domain_name_suffix": "tgyvqwznmuiutnuplquwiel5je.bx.internal.cloudapp.net",
            "ip_configuration": [
              {
                "name": "testingconfig",
                "primary": true,
                "private_ip_address": "10.0.1.5",
                "private_ip_address_allocation": "Dynamic",
                "private_ip_address_version": "IPv4",
                "public_ip_address_id": "",
                "subnet_id": "/subscriptions/4199aea7-42e1-49bb-aaf5-17ed4dcce022/resourceGroups/ES-US-VNET/providers/Microsoft.Network/virtualNetworks/testingvnet/subnets/testingsubnet01"
              }
            ],
            "location": "eastus",
            "mac_address": "00-22-48-1D-65-A0",
            "name": "testingnic1",
            "private_ip_address": "10.0.1.5",
            "private_ip_addresses": [
              "10.0.1.5"
            ],
            "resource_group_name": "ES-US-VNET",
            "tags": {},
            "timeouts": null,
            "virtual_machine_id": "/subscriptions/4199aea7-42e1-49bb-aaf5-17ed4dcce022/resourceGroups/ES-US-VNET/providers/Microsoft.Compute/virtualMachines/testingvm1"
          },
          "private": "eyJlMmJmYjczMC1lY2FhLTExZTYtOGY4OC0zNDM2M2JjN2M0YzAiOnsiY3JlYXRlIjoxODAwMDAwMDAwMDAwLCJkZWxldGUiOjE4MDAwMDAwMDAwMDAsInJlYWQiOjMwMDAwMDAwMDAwMCwidXBkYXRlIjoxODAwMDAwMDAwMDAwfX0=",
          "dependencies": [
            "azurerm_resource_group.rges",
            "azurerm_subnet.subnetv1",
            "azurerm_virtual_network.vnet"
          ]
        }
      ]
    },
    {
      "mode": "managed",
      "type": "azurerm_public_ip",
      "name": "pip",
      "provider": "provider.azurerm",
      "instances": [
        {
          "schema_version": 0,
          "attributes": {
            "allocation_method": "Dynamic",
            "domain_name_label": null,
            "fqdn": null,
            "id": "/subscriptions/4199aea7-42e1-49bb-aaf5-17ed4dcce022/resourceGroups/ES-US-VNET/providers/Microsoft.Network/publicIPAddresses/testingpip01",
            "idle_timeout_in_minutes": 4,
            "ip_address": "",
            "ip_version": "IPv4",
            "location": "eastus",
            "name": "testingpip01",
            "public_ip_prefix_id": null,
            "resource_group_name": "ES-US-VNET",
            "reverse_fqdn": null,
            "sku": "Basic",
            "tags": {
              "Buildby": "Rahul Sharma",
              "Builddate": "15-07-2020",
              "Environment": "SANDBOX"
            },
            "timeouts": null,
            "zones": []
          },
          "private": "eyJlMmJmYjczMC1lY2FhLTExZTYtOGY4OC0zNDM2M2JjN2M0YzAiOnsiY3JlYXRlIjoxODAwMDAwMDAwMDAwLCJkZWxldGUiOjE4MDAwMDAwMDAwMDAsInJlYWQiOjMwMDAwMDAwMDAwMCwidXBkYXRlIjoxODAwMDAwMDAwMDAwfX0=",
          "dependencies": [
            "azurerm_resource_group.rges"
          ]
        }
      ]
    },
    {
      "mode": "managed",
      "type": "azurerm_resource_group",
      "name": "rges",
      "provider": "provider.azurerm",
      "instances": [
        {
          "schema_version": 0,
          "attributes": {
            "id": "/subscriptions/4199aea7-42e1-49bb-aaf5-17ed4dcce022/resourceGroups/ES-US-VNET",
            "location": "eastus",
            "name": "ES-US-VNET",
            "tags": {
              "Buildby": "Rahul Sharma",
              "Builddate": "15-07-2020",
              "Environment": "SANDBOX"
            },
            "timeouts": null
          },
          "private": "eyJlMmJmYjczMC1lY2FhLTExZTYtOGY4OC0zNDM2M2JjN2M0YzAiOnsiY3JlYXRlIjo1NDAwMDAwMDAwMDAwLCJkZWxldGUiOjU0MDAwMDAwMDAwMDAsInJlYWQiOjMwMDAwMDAwMDAwMCwidXBkYXRlIjo1NDAwMDAwMDAwMDAwfX0="
        }
      ]
    },
    {
      "mode": "managed",
      "type": "azurerm_subnet",
      "name": "subnetv1",
      "provider": "provider.azurerm",
      "instances": [
        {
          "schema_version": 0,
          "attributes": {
            "address_prefix": "10.0.1.0/24",
            "address_prefixes": [
              "10.0.1.0/24"
            ],
            "delegation": [],
            "enforce_private_link_endpoint_network_policies": false,
            "enforce_private_link_service_network_policies": false,
            "id": "/subscriptions/4199aea7-42e1-49bb-aaf5-17ed4dcce022/resourceGroups/ES-US-VNET/providers/Microsoft.Network/virtualNetworks/testingvnet/subnets/testingsubnet01",
            "name": "testingsubnet01",
            "resource_group_name": "ES-US-VNET",
            "service_endpoints": [],
            "timeouts": null,
            "virtual_network_name": "testingvnet"
          },
          "private": "eyJlMmJmYjczMC1lY2FhLTExZTYtOGY4OC0zNDM2M2JjN2M0YzAiOnsiY3JlYXRlIjoxODAwMDAwMDAwMDAwLCJkZWxldGUiOjE4MDAwMDAwMDAwMDAsInJlYWQiOjMwMDAwMDAwMDAwMCwidXBkYXRlIjoxODAwMDAwMDAwMDAwfX0=",
          "dependencies": [
            "azurerm_resource_group.rges",
            "azurerm_virtual_network.vnet"
          ]
        }
      ]
    },
    {
      "mode": "managed",
      "type": "azurerm_virtual_network",
      "name": "vnet",
      "provider": "provider.azurerm",
      "instances": [
        {
          "schema_version": 0,
          "attributes": {
            "address_space": [
              "10.0.0.0/16"
            ],
            "ddos_protection_plan": [],
            "dns_servers": [],
            "guid": "5b58b199-652d-4911-b68f-5c2964117f4c",
            "id": "/subscriptions/4199aea7-42e1-49bb-aaf5-17ed4dcce022/resourceGroups/ES-US-VNET/providers/Microsoft.Network/virtualNetworks/testingvnet",
            "location": "eastus",
            "name": "testingvnet",
            "resource_group_name": "ES-US-VNET",
            "subnet": [
              {
                "address_prefix": "10.0.1.0/24",
                "id": "/subscriptions/4199aea7-42e1-49bb-aaf5-17ed4dcce022/resourceGroups/ES-US-VNET/providers/Microsoft.Network/virtualNetworks/testingvnet/subnets/testingsubnet01",
                "name": "testingsubnet01",
                "security_group": ""
              }
            ],
            "tags": {
              "Buildby": "Rahul Sharma",
              "Builddate": "15-07-2020",
              "Environment": "SANDBOX"
            },
            "timeouts": null
          },
          "private": "eyJlMmJmYjczMC1lY2FhLTExZTYtOGY4OC0zNDM2M2JjN2M0YzAiOnsiY3JlYXRlIjoxODAwMDAwMDAwMDAwLCJkZWxldGUiOjE4MDAwMDAwMDAwMDAsInJlYWQiOjMwMDAwMDAwMDAwMCwidXBkYXRlIjoxODAwMDAwMDAwMDAwfX0=",
          "dependencies": [
            "azurerm_resource_group.rges"
          ]
        }
      ]
    },
    {
      "mode": "managed",
      "type": "azurerm_windows_virtual_machine",
      "name": "vm",
      "each": "list",
      "provider": "provider.azurerm",
      "instances": [
        {
          "index_key": 0,
          "schema_version": 0,
          "attributes": {
            "additional_capabilities": [],
            "additional_unattend_content": [],
            "admin_password": "Welcome@12345",
            "admin_username": "adminuser",
            "allow_extension_operations": true,
            "availability_set_id": "",
            "boot_diagnostics": [],
            "computer_name": "testingvm0",
            "custom_data": null,
            "dedicated_host_id": "",
            "enable_automatic_updates": true,
            "eviction_policy": "",
            "id": "/subscriptions/4199aea7-42e1-49bb-aaf5-17ed4dcce022/resourceGroups/ES-US-VNET/providers/Microsoft.Compute/virtualMachines/testingvm0",
            "identity": [],
            "license_type": "",
            "location": "eastus",
            "max_bid_price": -1,
            "name": "testingvm0",
            "network_interface_ids": [
              "/subscriptions/4199aea7-42e1-49bb-aaf5-17ed4dcce022/resourceGroups/ES-US-VNET/providers/Microsoft.Network/networkInterfaces/testingnic0"
            ],
            "os_disk": [
              {
                "caching": "ReadWrite",
                "diff_disk_settings": [],
                "disk_encryption_set_id": "",
                "disk_size_gb": 127,
                "name": "osdisk0",
                "storage_account_type": "Standard_LRS",
                "write_accelerator_enabled": false
              }
            ],
            "plan": [],
            "priority": "Regular",
            "private_ip_address": "10.0.1.4",
            "private_ip_addresses": [
              "10.0.1.4"
            ],
            "provision_vm_agent": true,
            "proximity_placement_group_id": "",
            "public_ip_address": "",
            "public_ip_addresses": [],
            "resource_group_name": "ES-US-VNET",
            "secret": [],
            "size": "Standard_F2",
            "source_image_id": "",
            "source_image_reference": [
              {
                "offer": "WindowsServer",
                "publisher": "MicrosoftWindowsServer",
                "sku": "2016-Datacenter",
                "version": "latest"
              }
            ],
            "tags": {},
            "timeouts": null,
            "timezone": "",
            "virtual_machine_id": "345337dd-d43d-4641-bc30-48f390cc0a0b",
            "virtual_machine_scale_set_id": "",
            "winrm_listener": [],
            "zone": ""
          },
          "private": "eyJlMmJmYjczMC1lY2FhLTExZTYtOGY4OC0zNDM2M2JjN2M0YzAiOnsiY3JlYXRlIjoyNzAwMDAwMDAwMDAwLCJkZWxldGUiOjI3MDAwMDAwMDAwMDAsInJlYWQiOjMwMDAwMDAwMDAwMCwidXBkYXRlIjoyNzAwMDAwMDAwMDAwfX0=",
          "dependencies": [
            "azurerm_network_interface.nic",
            "azurerm_resource_group.rges",
            "azurerm_subnet.subnetv1",
            "azurerm_virtual_network.vnet"
          ]
        },
        {
          "index_key": 1,
          "schema_version": 0,
          "attributes": {
            "additional_capabilities": [],
            "additional_unattend_content": [],
            "admin_password": "Welcome@12345",
            "admin_username": "adminuser",
            "allow_extension_operations": true,
            "availability_set_id": "",
            "boot_diagnostics": [],
            "computer_name": "testingvm1",
            "custom_data": null,
            "dedicated_host_id": "",
            "enable_automatic_updates": true,
            "eviction_policy": "",
            "id": "/subscriptions/4199aea7-42e1-49bb-aaf5-17ed4dcce022/resourceGroups/ES-US-VNET/providers/Microsoft.Compute/virtualMachines/testingvm1",
            "identity": [],
            "license_type": "",
            "location": "eastus",
            "max_bid_price": -1,
            "name": "testingvm1",
            "network_interface_ids": [
              "/subscriptions/4199aea7-42e1-49bb-aaf5-17ed4dcce022/resourceGroups/ES-US-VNET/providers/Microsoft.Network/networkInterfaces/testingnic1"
            ],
            "os_disk": [
              {
                "caching": "ReadWrite",
                "diff_disk_settings": [],
                "disk_encryption_set_id": "",
                "disk_size_gb": 127,
                "name": "osdisk1",
                "storage_account_type": "Standard_LRS",
                "write_accelerator_enabled": false
              }
            ],
            "plan": [],
            "priority": "Regular",
            "private_ip_address": "10.0.1.5",
            "private_ip_addresses": [
              "10.0.1.5"
            ],
            "provision_vm_agent": true,
            "proximity_placement_group_id": "",
            "public_ip_address": "",
            "public_ip_addresses": [],
            "resource_group_name": "ES-US-VNET",
            "secret": [],
            "size": "Standard_F2",
            "source_image_id": "",
            "source_image_reference": [
              {
                "offer": "WindowsServer",
                "publisher": "MicrosoftWindowsServer",
                "sku": "2016-Datacenter",
                "version": "latest"
              }
            ],
            "tags": {},
            "timeouts": null,
            "timezone": "",
            "virtual_machine_id": "ad3ac945-dd31-40f1-9081-070b60f919c0",
            "virtual_machine_scale_set_id": "",
            "winrm_listener": [],
            "zone": ""
          },
          "private": "eyJlMmJmYjczMC1lY2FhLTExZTYtOGY4OC0zNDM2M2JjN2M0YzAiOnsiY3JlYXRlIjoyNzAwMDAwMDAwMDAwLCJkZWxldGUiOjI3MDAwMDAwMDAwMDAsInJlYWQiOjMwMDAwMDAwMDAwMCwidXBkYXRlIjoyNzAwMDAwMDAwMDAwfX0=",
          "dependencies": [
            "azurerm_network_interface.nic",
            "azurerm_resource_group.rges",
            "azurerm_subnet.subnetv1",
            "azurerm_virtual_network.vnet"
          ]
        }
      ]
    }
  ]
}
